// !$*UTF8*$!
{
	archiveVersion = 1;
	classes = {
	};
	objectVersion = 46;
	objects = {

/* Begin PBXBuildFile section */
		D3BBDF5715264541004C7992 /* UIKit.framework in Frameworks */ = {isa = PBXBuildFile; fileRef = D3BBDF5615264541004C7992 /* UIKit.framework */; };
		D3BBDF5915264541004C7992 /* Foundation.framework in Frameworks */ = {isa = PBXBuildFile; fileRef = D3BBDF5815264541004C7992 /* Foundation.framework */; };
		D3BBDF5B15264541004C7992 /* CoreGraphics.framework in Frameworks */ = {isa = PBXBuildFile; fileRef = D3BBDF5A15264541004C7992 /* CoreGraphics.framework */; };
		D3BBDF6115264541004C7992 /* InfoPlist.strings in Resources */ = {isa = PBXBuildFile; fileRef = D3BBDF5F15264541004C7992 /* InfoPlist.strings */; };
		D3BBDF6315264541004C7992 /* main.m in Sources */ = {isa = PBXBuildFile; fileRef = D3BBDF6215264541004C7992 /* main.m */; };
		D3BBDF6715264541004C7992 /* BIDAppDelegate.m in Sources */ = {isa = PBXBuildFile; fileRef = D3BBDF6615264541004C7992 /* BIDAppDelegate.m */; };
		D3BBDF6A15264541004C7992 /* MainStoryboard.storyboard in Resources */ = {isa = PBXBuildFile; fileRef = D3BBDF6815264541004C7992 /* MainStoryboard.storyboard */; };
		D3BBDF6D15264541004C7992 /* BIDViewController.m in Sources */ = {isa = PBXBuildFile; fileRef = D3BBDF6C15264541004C7992 /* BIDViewController.m */; };
		D3BBDF7515264631004C7992 /* BIDTaskListController.m in Sources */ = {isa = PBXBuildFile; fileRef = D3BBDF7415264631004C7992 /* BIDTaskListController.m */; };
		D3BBDF7815264A59004C7992 /* BIDStaticCellsController.m in Sources */ = {isa = PBXBuildFile; fileRef = D3BBDF7715264A59004C7992 /* BIDStaticCellsController.m */; };
/* End PBXBuildFile section */

/* Begin PBXFileReference section */
		D3BBDF5215264541004C7992 /* Simple Storyboard.app */ = {isa = PBXFileReference; explicitFileType = wrapper.application; includeInIndex = 0; path = "Simple Storyboard.app"; sourceTree = BUILT_PRODUCTS_DIR; };
		D3BBDF5615264541004C7992 /* UIKit.framework */ = {isa = PBXFileReference; lastKnownFileType = wrapper.framework; name = UIKit.framework; path = System/Library/Frameworks/UIKit.framework; sourceTree = SDKROOT; };
		D3BBDF5815264541004C7992 /* Foundation.framework */ = {isa = PBXFileReference; lastKnownFileType = wrapper.framework; name = Foundation.framework; path = System/Library/Frameworks/Foundation.framework; sourceTree = SDKROOT; };
		D3BBDF5A15264541004C7992 /* CoreGraphics.framework */ = {isa = PBXFileReference; lastKnownFileType = wrapper.framework; name = CoreGraphics.framework; path = System/Library/Frameworks/CoreGraphics.framework; sourceTree = SDKROOT; };
		D3BBDF5E15264541004C7992 /* Simple Storyboard-Info.plist */ = {isa = PBXFileReference; lastKnownFileType = text.plist.xml; path = "Simple Storyboard-Info.plist"; sourceTree = "<group>"; };
		D3BBDF6015264541004C7992 /* en */ = {isa = PBXFileReference; lastKnownFileType = text.plist.strings; name = en; path = en.lproj/InfoPlist.strings; sourceTree = "<group>"; };
		D3BBDF6215264541004C7992 /* main.m */ = {isa = PBXFileReference; lastKnownFileType = sourcecode.c.objc; path = main.m; sourceTree = "<group>"; };
		D3BBDF6415264541004C7992 /* Simple Storyboard-Prefix.pch */ = {isa = PBXFileReference; lastKnownFileType = sourcecode.c.h; path = "Simple Storyboard-Prefix.pch"; sourceTree = "<group>"; };
		D3BBDF6515264541004C7992 /* BIDAppDelegate.h */ = {isa = PBXFileReference; lastKnownFileType = sourcecode.c.h; path = BIDAppDelegate.h; sourceTree = "<group>"; };
		D3BBDF6615264541004C7992 /* BIDAppDelegate.m */ = {isa = PBXFileReference; lastKnownFileType = sourcecode.c.objc; path = BIDAppDelegate.m; sourceTree = "<group>"; };
		D3BBDF6915264541004C7992 /* en */ = {isa = PBXFileReference; lastKnownFileType = file.storyboard; name = en; path = en.lproj/MainStoryboard.storyboard; sourceTree = "<group>"; };
		D3BBDF6B15264541004C7992 /* BIDViewController.h */ = {isa = PBXFileReference; lastKnownFileType = sourcecode.c.h; path = BIDViewController.h; sourceTree = "<group>"; };
		D3BBDF6C15264541004C7992 /* BIDViewController.m */ = {isa = PBXFileReference; lastKnownFileType = sourcecode.c.objc; path = BIDViewController.m; sourceTree = "<group>"; };
		D3BBDF7315264631004C7992 /* BIDTaskListController.h */ = {isa = PBXFileReference; fileEncoding = 4; lastKnownFileType = sourcecode.c.h; path = BIDTaskListController.h; sourceTree = "<group>"; };
		D3BBDF7415264631004C7992 /* BIDTaskListController.m */ = {isa = PBXFileReference; fileEncoding = 4; lastKnownFileType = sourcecode.c.objc; path = BIDTaskListController.m; sourceTree = "<group>"; };
		D3BBDF7615264A59004C7992 /* BIDStaticCellsController.h */ = {isa = PBXFileReference; fileEncoding = 4; lastKnownFileType = sourcecode.c.h; path = BIDStaticCellsController.h; sourceTree = "<group>"; };
		D3BBDF7715264A59004C7992 /* BIDStaticCellsController.m */ = {isa = PBXFileReference; fileEncoding = 4; lastKnownFileType = sourcecode.c.objc; path = BIDStaticCellsController.m; sourceTree = "<group>"; };
/* End PBXFileReference section */

/* Begin PBXFrameworksBuildPhase section */
		D3BBDF4F15264541004C7992 /* Frameworks */ = {
			isa = PBXFrameworksBuildPhase;
			buildActionMask = 2147483647;
			files = (
				D3BBDF5715264541004C7992 /* UIKit.framework in Frameworks */,
				D3BBDF5915264541004C7992 /* Foundation.framework in Frameworks */,
				D3BBDF5B15264541004C7992 /* CoreGraphics.framework in Frameworks */,
			);
			runOnlyForDeploymentPostprocessing = 0;
		};
/* End PBXFrameworksBuildPhase section */

/* Begin PBXGroup section */
		D3BBDF4715264541004C7992 = {
			isa = PBXGroup;
			children = (
				D3BBDF5C15264541004C7992 /* Simple Storyboard */,
				D3BBDF5515264541004C7992 /* Frameworks */,
				D3BBDF5315264541004C7992 /* Products */,
			);
			sourceTree = "<group>";
		};
		D3BBDF5315264541004C7992 /* Products */ = {
			isa = PBXGroup;
			children = (
				D3BBDF5215264541004C7992 /* Simple Storyboard.app */,
			);
			name = Products;
			sourceTree = "<group>";
		};
		D3BBDF5515264541004C7992 /* Frameworks */ = {
			isa = PBXGroup;
			children = (
				D3BBDF5615264541004C7992 /* UIKit.framework */,
				D3BBDF5815264541004C7992 /* Foundation.framework */,
				D3BBDF5A15264541004C7992 /* CoreGraphics.framework */,
			);
			name = Frameworks;
			sourceTree = "<group>";
		};
		D3BBDF5C15264541004C7992 /* Simple Storyboard */ = {
			isa = PBXGroup;
			children = (
				D3BBDF6515264541004C7992 /* BIDAppDelegate.h */,
				D3BBDF6615264541004C7992 /* BIDAppDelegate.m */,
				D3BBDF6815264541004C7992 /* MainStoryboard.storyboard */,
				D3BBDF7615264A59004C7992 /* BIDStaticCellsController.h */,
				D3BBDF7715264A59004C7992 /* BIDStaticCellsController.m */,
				D3BBDF7315264631004C7992 /* BIDTaskListController.h */,
				D3BBDF7415264631004C7992 /* BIDTaskListController.m */,
				D3BBDF6B15264541004C7992 /* BIDViewController.h */,
				D3BBDF6C15264541004C7992 /* BIDViewController.m */,
				D3BBDF5D15264541004C7992 /* Supporting Files */,
			);
			path = "Simple Storyboard";
			sourceTree = "<group>";
		};
		D3BBDF5D15264541004C7992 /* Supporting Files */ = {
			isa = PBXGroup;
			children = (
				D3BBDF5E15264541004C7992 /* Simple Storyboard-Info.plist */,
				D3BBDF5F15264541004C7992 /* InfoPlist.strings */,
				D3BBDF6215264541004C7992 /* main.m */,
				D3BBDF6415264541004C7992 /* Simple Storyboard-Prefix.pch */,
			);
			name = "Supporting Files";
			sourceTree = "<group>";
		};
/* End PBXGroup section */

/* Begin PBXNativeTarget section */
		D3BBDF5115264541004C7992 /* Simple Storyboard */ = {
			isa = PBXNativeTarget;
			buildConfigurationList = D3BBDF7015264541004C7992 /* Build configuration list for PBXNativeTarget "Simple Storyboard" */;
			buildPhases = (
				D3BBDF4E15264541004C7992 /* Sources */,
				D3BBDF4F15264541004C7992 /* Frameworks */,
				D3BBDF5015264541004C7992 /* Resources */,
			);
			buildRules = (
			);
			dependencies = (
			);
			name = "Simple Storyboard";
			productName = "Simple Storyboard";
			productReference = D3BBDF5215264541004C7992 /* Simple Storyboard.app */;
			productType = "com.apple.product-type.application";
		};
/* End PBXNativeTarget section */

/* Begin PBXProject section */
		D3BBDF4915264541004C7992 /* Project object */ = {
			isa = PBXProject;
			attributes = {
				CLASSPREFIX = BID;
				LastUpgradeCheck = 0430;
				ORGANIZATIONNAME = infinitetape.com;
			};
			buildConfigurationList = D3BBDF4C15264541004C7992 /* Build configuration list for PBXProject "Simple Storyboard" */;
			compatibilityVersion = "Xcode 3.2";
			developmentRegion = English;
			hasScannedForEncodings = 0;
			knownRegions = (
				en,
			);
			mainGroup = D3BBDF4715264541004C7992;
			productRefGroup = D3BBDF5315264541004C7992 /* Products */;
			projectDirPath = "";
			projectRoot = "";
			targets = (
				D3BBDF5115264541004C7992 /* Simple Storyboard */,
			);
		};
/* End PBXProject section */

/* Begin PBXResourcesBuildPhase section */
		D3BBDF5015264541004C7992 /* Resources */ = {
			isa = PBXResourcesBuildPhase;
			buildActionMask = 2147483647;
			files = (
				D3BBDF6115264541004C7992 /* InfoPlist.strings in Resources */,
				D3BBDF6A15264541004C7992 /* MainStoryboard.storyboard in Resources */,
			);
			runOnlyForDeploymentPostprocessing = 0;
		};
/* End PBXResourcesBuildPhase section */

/* Begin PBXSourcesBuildPhase section */
		D3BBDF4E15264541004C7992 /* Sources */ = {
			isa = PBXSourcesBuildPhase;
			buildActionMask = 2147483647;
			files = (
				D3BBDF6315264541004C7992 /* main.m in Sources */,
				D3BBDF6715264541004C7992 /* BIDAppDelegate.m in Sources */,
				D3BBDF6D15264541004C7992 /* BIDViewController.m in Sources */,
				D3BBDF7515264631004C7992 /* BIDTaskListController.m in Sources */,
				D3BBDF7815264A59004C7992 /* BIDStaticCellsController.m in Sources */,
			);
			runOnlyForDeploymentPostprocessing = 0;
		};
/* End PBXSourcesBuildPhase section */

/* Begin PBXVariantGroup section */
		D3BBDF5F15264541004C7992 /* InfoPlist.strings */ = {
			isa = PBXVariantGroup;
			children = (
				D3BBDF6015264541004C7992 /* en */,
			);
			name = InfoPlist.strings;
			sourceTree = "<group>";
		};
		D3BBDF6815264541004C7992 /* MainStoryboard.storyboard */ = {
			isa = PBXVariantGroup;
			children = (
				D3BBDF6915264541004C7992 /* en */,
			);
			name = MainStoryboard.storyboard;
			sourceTree = "<group>";
		};
/* End PBXVariantGroup section */

/* Begin XCBuildConfiguration section */
		D3BBDF6E15264541004C7992 /* Debug */ = {
			isa = XCBuildConfiguration;
			buildSettings = {
				ALWAYS_SEARCH_USER_PATHS = NO;
				ARCHS = "$(ARCHS_STANDARD_32_BIT)";
				CLANG_ENABLE_OBJC_ARC = YES;
				"CODE_SIGN_IDENTITY[sdk=iphoneos*]" = "iPhone Developer";
				COPY_PHASE_STRIP = NO;
				GCC_C_LANGUAGE_STANDARD = gnu99;
				GCC_DYNAMIC_NO_PIC = NO;
				GCC_OPTIMIZATION_LEVEL = 0;
				GCC_PREPROCESSOR_DEFINITIONS = (
					"DEBUG=1",
					"$(inherited)",
				);
				GCC_SYMBOLS_PRIVATE_EXTERN = NO;
				GCC_VERSION = com.apple.compilers.llvm.clang.1_0;
				GCC_WARN_ABOUT_RETURN_TYPE = YES;
				GCC_WARN_UNINITIALIZED_AUTOS = YES;
				GCC_WARN_UNUSED_VARIABLE = YES;
				IPHONEOS_DEPLOYMENT_TARGET = 5.1;
				SDKROOT = iphoneos;
			};
			name = Debug;
		};
		D3BBDF6F15264541004C7992 /* Release */ = {
			isa = XCBuildConfiguration;
			buildSettings = {
				ALWAYS_SEARCH_USER_PATHS = NO;
				ARCHS = "$(ARCHS_STANDARD_32_BIT)";
				CLANG_ENABLE_OBJC_ARC = YES;
				"CODE_SIGN_IDENTITY[sdk=iphoneos*]" = "iPhone Developer";
				COPY_PHASE_STRIP = YES;
				GCC_C_LANGUAGE_STANDARD = gnu99;
				GCC_VERSION = com.apple.compilers.llvm.clang.1_0;
				GCC_WARN_ABOUT_RETURN_TYPE = YES;
				GCC_WARN_UNINITIALIZED_AUTOS = YES;
				GCC_WARN_UNUSED_VARIABLE = YES;
				IPHONEOS_DEPLOYMENT_TARGET = 5.1;
				OTHER_CFLAGS = "-DNS_BLOCK_ASSERTIONS=1";
				SDKROOT = iphoneos;
				VALIDATE_PRODUCT = YES;
			};
			name = Release;
		};
		D3BBDF7115264541004C7992 /* Debug */ = {
			isa = XCBuildConfiguration;
			buildSettings = {
				GCC_PRECOMPILE_PREFIX_HEADER = YES;
				GCC_PREFIX_HEADER = "Simple Storyboard/Simple Storyboard-Prefix.pch";
				INFOPLIST_FILE = "Simple Storyboard/Simple Storyboard-Info.plist";
				PRODUCT_NAME = "$(TARGET_NAME)";
				WRAPPER_EXTENSION = app;
			};
			name = Debug;
		};
		D3BBDF7215264541004C7992 /* Release */ = {
			isa = XCBuildConfiguration;
			buildSettings = {
				GCC_PRECOMPILE_PREFIX_HEADER = YES;
				GCC_PREFIX_HEADER = "Simple Storyboard/Simple Storyboard-Prefix.pch";
				INFOPLIST_FILE = "Simple Storyboard/Simple Storyboard-Info.plist";
				PRODUCT_NAME = "$(TARGET_NAME)";
				WRAPPER_EXTENSION = app;
			};
			name = Release;
		};
/* End XCBuildConfiguration section */

/* Begin XCConfigurationList section */
		D3BBDF4C15264541004C7992 /* Build configuration list for PBXProject "Simple Storyboard" */ = {
			isa = XCConfigurationList;
			buildConfigurations = (
				D3BBDF6E15264541004C7992 /* Debug */,
				D3BBDF6F15264541004C7992 /* Release */,
			);
			defaultConfigurationIsVisible = 0;
			defaultConfigurationName = Release;
		};
		D3BBDF7015264541004C7992 /* Build configuration list for PBXNativeTarget "Simple Storyboard" */ = {
			isa = XCConfigurationList;
			buildConfigurations = (
				D3BBDF7115264541004C7992 /* Debug */,
				D3BBDF7215264541004C7992 /* Release */,
			);
			defaultConfigurationIsVisible = 0;
		};
/* End XCConfigurationList section */
	};
	rootObject = D3BBDF4915264541004C7992 /* Project object */;
}
