// !$*UTF8*$!
{
	archiveVersion = 1;
	classes = {
	};
	objectVersion = 46;
	objects = {

/* Begin PBXBuildFile section */
		D367D38814AD741F00A69821 /* UIKit.framework in Frameworks */ = {isa = PBXBuildFile; fileRef = D367D38714AD741F00A69821 /* UIKit.framework */; };
		D367D38A14AD741F00A69821 /* Foundation.framework in Frameworks */ = {isa = PBXBuildFile; fileRef = D367D38914AD741F00A69821 /* Foundation.framework */; };
		D367D38C14AD741F00A69821 /* CoreGraphics.framework in Frameworks */ = {isa = PBXBuildFile; fileRef = D367D38B14AD741F00A69821 /* CoreGraphics.framework */; };
		D367D39214AD741F00A69821 /* InfoPlist.strings in Resources */ = {isa = PBXBuildFile; fileRef = D367D39014AD741F00A69821 /* InfoPlist.strings */; };
		D367D39414AD741F00A69821 /* main.m in Sources */ = {isa = PBXBuildFile; fileRef = D367D39314AD741F00A69821 /* main.m */; };
		D367D39814AD741F00A69821 /* BIDAppDelegate.m in Sources */ = {isa = PBXBuildFile; fileRef = D367D39714AD741F00A69821 /* BIDAppDelegate.m */; };
		D367D39B14AD741F00A69821 /* BIDViewController.m in Sources */ = {isa = PBXBuildFile; fileRef = D367D39A14AD741F00A69821 /* BIDViewController.m */; };
		D367D39E14AD741F00A69821 /* BIDViewController.xib in Resources */ = {isa = PBXBuildFile; fileRef = D367D39C14AD741F00A69821 /* BIDViewController.xib */; };
/* End PBXBuildFile section */

/* Begin PBXFileReference section */
		D367D38314AD741F00A69821 /* Swap.app */ = {isa = PBXFileReference; explicitFileType = wrapper.application; includeInIndex = 0; path = Swap.app; sourceTree = BUILT_PRODUCTS_DIR; };
		D367D38714AD741F00A69821 /* UIKit.framework */ = {isa = PBXFileReference; lastKnownFileType = wrapper.framework; name = UIKit.framework; path = System/Library/Frameworks/UIKit.framework; sourceTree = SDKROOT; };
		D367D38914AD741F00A69821 /* Foundation.framework */ = {isa = PBXFileReference; lastKnownFileType = wrapper.framework; name = Foundation.framework; path = System/Library/Frameworks/Foundation.framework; sourceTree = SDKROOT; };
		D367D38B14AD741F00A69821 /* CoreGraphics.framework */ = {isa = PBXFileReference; lastKnownFileType = wrapper.framework; name = CoreGraphics.framework; path = System/Library/Frameworks/CoreGraphics.framework; sourceTree = SDKROOT; };
		D367D38F14AD741F00A69821 /* Swap-Info.plist */ = {isa = PBXFileReference; lastKnownFileType = text.plist.xml; path = "Swap-Info.plist"; sourceTree = "<group>"; };
		D367D39114AD741F00A69821 /* en */ = {isa = PBXFileReference; lastKnownFileType = text.plist.strings; name = en; path = en.lproj/InfoPlist.strings; sourceTree = "<group>"; };
		D367D39314AD741F00A69821 /* main.m */ = {isa = PBXFileReference; lastKnownFileType = sourcecode.c.objc; path = main.m; sourceTree = "<group>"; };
		D367D39514AD741F00A69821 /* Swap-Prefix.pch */ = {isa = PBXFileReference; lastKnownFileType = sourcecode.c.h; path = "Swap-Prefix.pch"; sourceTree = "<group>"; };
		D367D39614AD741F00A69821 /* BIDAppDelegate.h */ = {isa = PBXFileReference; lastKnownFileType = sourcecode.c.h; path = BIDAppDelegate.h; sourceTree = "<group>"; };
		D367D39714AD741F00A69821 /* BIDAppDelegate.m */ = {isa = PBXFileReference; lastKnownFileType = sourcecode.c.objc; path = BIDAppDelegate.m; sourceTree = "<group>"; };
		D367D39914AD741F00A69821 /* BIDViewController.h */ = {isa = PBXFileReference; lastKnownFileType = sourcecode.c.h; path = BIDViewController.h; sourceTree = "<group>"; };
		D367D39A14AD741F00A69821 /* BIDViewController.m */ = {isa = PBXFileReference; lastKnownFileType = sourcecode.c.objc; path = BIDViewController.m; sourceTree = "<group>"; };
		D367D39D14AD741F00A69821 /* en */ = {isa = PBXFileReference; lastKnownFileType = file.xib; name = en; path = en.lproj/BIDViewController.xib; sourceTree = "<group>"; };
/* End PBXFileReference section */

/* Begin PBXFrameworksBuildPhase section */
		D367D38014AD741F00A69821 /* Frameworks */ = {
			isa = PBXFrameworksBuildPhase;
			buildActionMask = 2147483647;
			files = (
				D367D38814AD741F00A69821 /* UIKit.framework in Frameworks */,
				D367D38A14AD741F00A69821 /* Foundation.framework in Frameworks */,
				D367D38C14AD741F00A69821 /* CoreGraphics.framework in Frameworks */,
			);
			runOnlyForDeploymentPostprocessing = 0;
		};
/* End PBXFrameworksBuildPhase section */

/* Begin PBXGroup section */
		D367D37814AD741F00A69821 = {
			isa = PBXGroup;
			children = (
				D367D38D14AD741F00A69821 /* Swap */,
				D367D38614AD741F00A69821 /* Frameworks */,
				D367D38414AD741F00A69821 /* Products */,
			);
			sourceTree = "<group>";
		};
		D367D38414AD741F00A69821 /* Products */ = {
			isa = PBXGroup;
			children = (
				D367D38314AD741F00A69821 /* Swap.app */,
			);
			name = Products;
			sourceTree = "<group>";
		};
		D367D38614AD741F00A69821 /* Frameworks */ = {
			isa = PBXGroup;
			children = (
				D367D38714AD741F00A69821 /* UIKit.framework */,
				D367D38914AD741F00A69821 /* Foundation.framework */,
				D367D38B14AD741F00A69821 /* CoreGraphics.framework */,
			);
			name = Frameworks;
			sourceTree = "<group>";
		};
		D367D38D14AD741F00A69821 /* Swap */ = {
			isa = PBXGroup;
			children = (
				D367D39614AD741F00A69821 /* BIDAppDelegate.h */,
				D367D39714AD741F00A69821 /* BIDAppDelegate.m */,
				D367D39914AD741F00A69821 /* BIDViewController.h */,
				D367D39A14AD741F00A69821 /* BIDViewController.m */,
				D367D39C14AD741F00A69821 /* BIDViewController.xib */,
				D367D38E14AD741F00A69821 /* Supporting Files */,
			);
			path = Swap;
			sourceTree = "<group>";
		};
		D367D38E14AD741F00A69821 /* Supporting Files */ = {
			isa = PBXGroup;
			children = (
				D367D38F14AD741F00A69821 /* Swap-Info.plist */,
				D367D39014AD741F00A69821 /* InfoPlist.strings */,
				D367D39314AD741F00A69821 /* main.m */,
				D367D39514AD741F00A69821 /* Swap-Prefix.pch */,
			);
			name = "Supporting Files";
			sourceTree = "<group>";
		};
/* End PBXGroup section */

/* Begin PBXNativeTarget section */
		D367D38214AD741F00A69821 /* Swap */ = {
			isa = PBXNativeTarget;
			buildConfigurationList = D367D3A114AD741F00A69821 /* Build configuration list for PBXNativeTarget "Swap" */;
			buildPhases = (
				D367D37F14AD741F00A69821 /* Sources */,
				D367D38014AD741F00A69821 /* Frameworks */,
				D367D38114AD741F00A69821 /* Resources */,
			);
			buildRules = (
			);
			dependencies = (
			);
			name = Swap;
			productName = Swap;
			productReference = D367D38314AD741F00A69821 /* Swap.app */;
			productType = "com.apple.product-type.application";
		};
/* End PBXNativeTarget section */

/* Begin PBXProject section */
		D367D37A14AD741F00A69821 /* Project object */ = {
			isa = PBXProject;
			attributes = {
				LastUpgradeCheck = 0420;
			};
			buildConfigurationList = D367D37D14AD741F00A69821 /* Build configuration list for PBXProject "Swap" */;
			compatibilityVersion = "Xcode 3.2";
			developmentRegion = English;
			hasScannedForEncodings = 0;
			knownRegions = (
				en,
			);
			mainGroup = D367D37814AD741F00A69821;
			productRefGroup = D367D38414AD741F00A69821 /* Products */;
			projectDirPath = "";
			projectRoot = "";
			targets = (
				D367D38214AD741F00A69821 /* Swap */,
			);
		};
/* End PBXProject section */

/* Begin PBXResourcesBuildPhase section */
		D367D38114AD741F00A69821 /* Resources */ = {
			isa = PBXResourcesBuildPhase;
			buildActionMask = 2147483647;
			files = (
				D367D39214AD741F00A69821 /* InfoPlist.strings in Resources */,
				D367D39E14AD741F00A69821 /* BIDViewController.xib in Resources */,
			);
			runOnlyForDeploymentPostprocessing = 0;
		};
/* End PBXResourcesBuildPhase section */

/* Begin PBXSourcesBuildPhase section */
		D367D37F14AD741F00A69821 /* Sources */ = {
			isa = PBXSourcesBuildPhase;
			buildActionMask = 2147483647;
			files = (
				D367D39414AD741F00A69821 /* main.m in Sources */,
				D367D39814AD741F00A69821 /* BIDAppDelegate.m in Sources */,
				D367D39B14AD741F00A69821 /* BIDViewController.m in Sources */,
			);
			runOnlyForDeploymentPostprocessing = 0;
		};
/* End PBXSourcesBuildPhase section */

/* Begin PBXVariantGroup section */
		D367D39014AD741F00A69821 /* InfoPlist.strings */ = {
			isa = PBXVariantGroup;
			children = (
				D367D39114AD741F00A69821 /* en */,
			);
			name = InfoPlist.strings;
			sourceTree = "<group>";
		};
		D367D39C14AD741F00A69821 /* BIDViewController.xib */ = {
			isa = PBXVariantGroup;
			children = (
				D367D39D14AD741F00A69821 /* en */,
			);
			name = BIDViewController.xib;
			sourceTree = "<group>";
		};
/* End PBXVariantGroup section */

/* Begin XCBuildConfiguration section */
		D367D39F14AD741F00A69821 /* Debug */ = {
			isa = XCBuildConfiguration;
			buildSettings = {
				ALWAYS_SEARCH_USER_PATHS = NO;
				ARCHS = "$(ARCHS_STANDARD_32_BIT)";
				CLANG_ENABLE_OBJC_ARC = YES;
				"CODE_SIGN_IDENTITY[sdk=iphoneos*]" = "iPhone Developer";
				COPY_PHASE_STRIP = NO;
				GCC_C_LANGUAGE_STANDARD = gnu99;
				GCC_DYNAMIC_NO_PIC = NO;
				GCC_OPTIMIZATION_LEVEL = 0;
				GCC_PREPROCESSOR_DEFINITIONS = (
					"DEBUG=1",
					"$(inherited)",
				);
				GCC_SYMBOLS_PRIVATE_EXTERN = NO;
				GCC_VERSION = com.apple.compilers.llvm.clang.1_0;
				GCC_WARN_ABOUT_MISSING_PROTOTYPES = YES;
				GCC_WARN_ABOUT_RETURN_TYPE = YES;
				GCC_WARN_UNUSED_VARIABLE = YES;
				IPHONEOS_DEPLOYMENT_TARGET = 5.0;
				SDKROOT = iphoneos;
			};
			name = Debug;
		};
		D367D3A014AD741F00A69821 /* Release */ = {
			isa = XCBuildConfiguration;
			buildSettings = {
				ALWAYS_SEARCH_USER_PATHS = NO;
				ARCHS = "$(ARCHS_STANDARD_32_BIT)";
				CLANG_ENABLE_OBJC_ARC = YES;
				"CODE_SIGN_IDENTITY[sdk=iphoneos*]" = "iPhone Developer";
				COPY_PHASE_STRIP = YES;
				GCC_C_LANGUAGE_STANDARD = gnu99;
				GCC_VERSION = com.apple.compilers.llvm.clang.1_0;
				GCC_WARN_ABOUT_MISSING_PROTOTYPES = YES;
				GCC_WARN_ABOUT_RETURN_TYPE = YES;
				GCC_WARN_UNUSED_VARIABLE = YES;
				IPHONEOS_DEPLOYMENT_TARGET = 5.0;
				OTHER_CFLAGS = "-DNS_BLOCK_ASSERTIONS=1";
				SDKROOT = iphoneos;
				VALIDATE_PRODUCT = YES;
			};
			name = Release;
		};
		D367D3A214AD741F00A69821 /* Debug */ = {
			isa = XCBuildConfiguration;
			buildSettings = {
				GCC_PRECOMPILE_PREFIX_HEADER = YES;
				GCC_PREFIX_HEADER = "Swap/Swap-Prefix.pch";
				INFOPLIST_FILE = "Swap/Swap-Info.plist";
				PRODUCT_NAME = "$(TARGET_NAME)";
				WRAPPER_EXTENSION = app;
			};
			name = Debug;
		};
		D367D3A314AD741F00A69821 /* Release */ = {
			isa = XCBuildConfiguration;
			buildSettings = {
				GCC_PRECOMPILE_PREFIX_HEADER = YES;
				GCC_PREFIX_HEADER = "Swap/Swap-Prefix.pch";
				INFOPLIST_FILE = "Swap/Swap-Info.plist";
				PRODUCT_NAME = "$(TARGET_NAME)";
				WRAPPER_EXTENSION = app;
			};
			name = Release;
		};
/* End XCBuildConfiguration section */

/* Begin XCConfigurationList section */
		D367D37D14AD741F00A69821 /* Build configuration list for PBXProject "Swap" */ = {
			isa = XCConfigurationList;
			buildConfigurations = (
				D367D39F14AD741F00A69821 /* Debug */,
				D367D3A014AD741F00A69821 /* Release */,
			);
			defaultConfigurationIsVisible = 0;
			defaultConfigurationName = Release;
		};
		D367D3A114AD741F00A69821 /* Build configuration list for PBXNativeTarget "Swap" */ = {
			isa = XCConfigurationList;
			buildConfigurations = (
				D367D3A214AD741F00A69821 /* Debug */,
				D367D3A314AD741F00A69821 /* Release */,
			);
			defaultConfigurationIsVisible = 0;
		};
/* End XCConfigurationList section */
	};
	rootObject = D367D37A14AD741F00A69821 /* Project object */;
}
