// !$*UTF8*$!
{
	archiveVersion = 1;
	classes = {
	};
	objectVersion = 46;
	objects = {

/* Begin PBXBuildFile section */
		D34D37D0149EA96E009FF868 /* UIKit.framework in Frameworks */ = {isa = PBXBuildFile; fileRef = D34D37CF149EA96E009FF868 /* UIKit.framework */; };
		D34D37D2149EA96E009FF868 /* Foundation.framework in Frameworks */ = {isa = PBXBuildFile; fileRef = D34D37D1149EA96E009FF868 /* Foundation.framework */; };
		D34D37D4149EA96E009FF868 /* CoreGraphics.framework in Frameworks */ = {isa = PBXBuildFile; fileRef = D34D37D3149EA96E009FF868 /* CoreGraphics.framework */; };
		D34D37DA149EA96E009FF868 /* InfoPlist.strings in Resources */ = {isa = PBXBuildFile; fileRef = D34D37D8149EA96E009FF868 /* InfoPlist.strings */; };
		D34D37DC149EA96E009FF868 /* main.m in Sources */ = {isa = PBXBuildFile; fileRef = D34D37DB149EA96E009FF868 /* main.m */; };
		D34D37E0149EA96E009FF868 /* BIDAppDelegate.m in Sources */ = {isa = PBXBuildFile; fileRef = D34D37DF149EA96E009FF868 /* BIDAppDelegate.m */; };
		D34D37E3149EA96E009FF868 /* BIDViewController.m in Sources */ = {isa = PBXBuildFile; fileRef = D34D37E2149EA96E009FF868 /* BIDViewController.m */; };
		D34D37E6149EA96E009FF868 /* BIDViewController.xib in Resources */ = {isa = PBXBuildFile; fileRef = D34D37E4149EA96E009FF868 /* BIDViewController.xib */; };
/* End PBXBuildFile section */

/* Begin PBXFileReference section */
		D34D37CB149EA96E009FF868 /* Button Fun.app */ = {isa = PBXFileReference; explicitFileType = wrapper.application; includeInIndex = 0; path = "Button Fun.app"; sourceTree = BUILT_PRODUCTS_DIR; };
		D34D37CF149EA96E009FF868 /* UIKit.framework */ = {isa = PBXFileReference; lastKnownFileType = wrapper.framework; name = UIKit.framework; path = System/Library/Frameworks/UIKit.framework; sourceTree = SDKROOT; };
		D34D37D1149EA96E009FF868 /* Foundation.framework */ = {isa = PBXFileReference; lastKnownFileType = wrapper.framework; name = Foundation.framework; path = System/Library/Frameworks/Foundation.framework; sourceTree = SDKROOT; };
		D34D37D3149EA96E009FF868 /* CoreGraphics.framework */ = {isa = PBXFileReference; lastKnownFileType = wrapper.framework; name = CoreGraphics.framework; path = System/Library/Frameworks/CoreGraphics.framework; sourceTree = SDKROOT; };
		D34D37D7149EA96E009FF868 /* Button Fun-Info.plist */ = {isa = PBXFileReference; lastKnownFileType = text.plist.xml; path = "Button Fun-Info.plist"; sourceTree = "<group>"; };
		D34D37D9149EA96E009FF868 /* en */ = {isa = PBXFileReference; lastKnownFileType = text.plist.strings; name = en; path = en.lproj/InfoPlist.strings; sourceTree = "<group>"; };
		D34D37DB149EA96E009FF868 /* main.m */ = {isa = PBXFileReference; lastKnownFileType = sourcecode.c.objc; path = main.m; sourceTree = "<group>"; };
		D34D37DD149EA96E009FF868 /* Button Fun-Prefix.pch */ = {isa = PBXFileReference; lastKnownFileType = sourcecode.c.h; path = "Button Fun-Prefix.pch"; sourceTree = "<group>"; };
		D34D37DE149EA96E009FF868 /* BIDAppDelegate.h */ = {isa = PBXFileReference; lastKnownFileType = sourcecode.c.h; path = BIDAppDelegate.h; sourceTree = "<group>"; };
		D34D37DF149EA96E009FF868 /* BIDAppDelegate.m */ = {isa = PBXFileReference; lastKnownFileType = sourcecode.c.objc; path = BIDAppDelegate.m; sourceTree = "<group>"; };
		D34D37E1149EA96E009FF868 /* BIDViewController.h */ = {isa = PBXFileReference; lastKnownFileType = sourcecode.c.h; path = BIDViewController.h; sourceTree = "<group>"; };
		D34D37E2149EA96E009FF868 /* BIDViewController.m */ = {isa = PBXFileReference; lastKnownFileType = sourcecode.c.objc; path = BIDViewController.m; sourceTree = "<group>"; };
		D34D37E5149EA96E009FF868 /* en */ = {isa = PBXFileReference; lastKnownFileType = file.xib; name = en; path = en.lproj/BIDViewController.xib; sourceTree = "<group>"; };
/* End PBXFileReference section */

/* Begin PBXFrameworksBuildPhase section */
		D34D37C8149EA96E009FF868 /* Frameworks */ = {
			isa = PBXFrameworksBuildPhase;
			buildActionMask = 2147483647;
			files = (
				D34D37D0149EA96E009FF868 /* UIKit.framework in Frameworks */,
				D34D37D2149EA96E009FF868 /* Foundation.framework in Frameworks */,
				D34D37D4149EA96E009FF868 /* CoreGraphics.framework in Frameworks */,
			);
			runOnlyForDeploymentPostprocessing = 0;
		};
/* End PBXFrameworksBuildPhase section */

/* Begin PBXGroup section */
		D34D37C0149EA96E009FF868 = {
			isa = PBXGroup;
			children = (
				D34D37D5149EA96E009FF868 /* Button Fun */,
				D34D37CE149EA96E009FF868 /* Frameworks */,
				D34D37CC149EA96E009FF868 /* Products */,
			);
			sourceTree = "<group>";
		};
		D34D37CC149EA96E009FF868 /* Products */ = {
			isa = PBXGroup;
			children = (
				D34D37CB149EA96E009FF868 /* Button Fun.app */,
			);
			name = Products;
			sourceTree = "<group>";
		};
		D34D37CE149EA96E009FF868 /* Frameworks */ = {
			isa = PBXGroup;
			children = (
				D34D37CF149EA96E009FF868 /* UIKit.framework */,
				D34D37D1149EA96E009FF868 /* Foundation.framework */,
				D34D37D3149EA96E009FF868 /* CoreGraphics.framework */,
			);
			name = Frameworks;
			sourceTree = "<group>";
		};
		D34D37D5149EA96E009FF868 /* Button Fun */ = {
			isa = PBXGroup;
			children = (
				D34D37DE149EA96E009FF868 /* BIDAppDelegate.h */,
				D34D37DF149EA96E009FF868 /* BIDAppDelegate.m */,
				D34D37E1149EA96E009FF868 /* BIDViewController.h */,
				D34D37E2149EA96E009FF868 /* BIDViewController.m */,
				D34D37E4149EA96E009FF868 /* BIDViewController.xib */,
				D34D37D6149EA96E009FF868 /* Supporting Files */,
			);
			path = "Button Fun";
			sourceTree = "<group>";
		};
		D34D37D6149EA96E009FF868 /* Supporting Files */ = {
			isa = PBXGroup;
			children = (
				D34D37D7149EA96E009FF868 /* Button Fun-Info.plist */,
				D34D37D8149EA96E009FF868 /* InfoPlist.strings */,
				D34D37DB149EA96E009FF868 /* main.m */,
				D34D37DD149EA96E009FF868 /* Button Fun-Prefix.pch */,
			);
			name = "Supporting Files";
			sourceTree = "<group>";
		};
/* End PBXGroup section */

/* Begin PBXNativeTarget section */
		D34D37CA149EA96E009FF868 /* Button Fun */ = {
			isa = PBXNativeTarget;
			buildConfigurationList = D34D37E9149EA96E009FF868 /* Build configuration list for PBXNativeTarget "Button Fun" */;
			buildPhases = (
				D34D37C7149EA96E009FF868 /* Sources */,
				D34D37C8149EA96E009FF868 /* Frameworks */,
				D34D37C9149EA96E009FF868 /* Resources */,
			);
			buildRules = (
			);
			dependencies = (
			);
			name = "Button Fun";
			productName = "Button Fun";
			productReference = D34D37CB149EA96E009FF868 /* Button Fun.app */;
			productType = "com.apple.product-type.application";
		};
/* End PBXNativeTarget section */

/* Begin PBXProject section */
		D34D37C2149EA96E009FF868 /* Project object */ = {
			isa = PBXProject;
			attributes = {
				LastUpgradeCheck = 0420;
			};
			buildConfigurationList = D34D37C5149EA96E009FF868 /* Build configuration list for PBXProject "Button Fun" */;
			compatibilityVersion = "Xcode 3.2";
			developmentRegion = English;
			hasScannedForEncodings = 0;
			knownRegions = (
				en,
			);
			mainGroup = D34D37C0149EA96E009FF868;
			productRefGroup = D34D37CC149EA96E009FF868 /* Products */;
			projectDirPath = "";
			projectRoot = "";
			targets = (
				D34D37CA149EA96E009FF868 /* Button Fun */,
			);
		};
/* End PBXProject section */

/* Begin PBXResourcesBuildPhase section */
		D34D37C9149EA96E009FF868 /* Resources */ = {
			isa = PBXResourcesBuildPhase;
			buildActionMask = 2147483647;
			files = (
				D34D37DA149EA96E009FF868 /* InfoPlist.strings in Resources */,
				D34D37E6149EA96E009FF868 /* BIDViewController.xib in Resources */,
			);
			runOnlyForDeploymentPostprocessing = 0;
		};
/* End PBXResourcesBuildPhase section */

/* Begin PBXSourcesBuildPhase section */
		D34D37C7149EA96E009FF868 /* Sources */ = {
			isa = PBXSourcesBuildPhase;
			buildActionMask = 2147483647;
			files = (
				D34D37DC149EA96E009FF868 /* main.m in Sources */,
				D34D37E0149EA96E009FF868 /* BIDAppDelegate.m in Sources */,
				D34D37E3149EA96E009FF868 /* BIDViewController.m in Sources */,
			);
			runOnlyForDeploymentPostprocessing = 0;
		};
/* End PBXSourcesBuildPhase section */

/* Begin PBXVariantGroup section */
		D34D37D8149EA96E009FF868 /* InfoPlist.strings */ = {
			isa = PBXVariantGroup;
			children = (
				D34D37D9149EA96E009FF868 /* en */,
			);
			name = InfoPlist.strings;
			sourceTree = "<group>";
		};
		D34D37E4149EA96E009FF868 /* BIDViewController.xib */ = {
			isa = PBXVariantGroup;
			children = (
				D34D37E5149EA96E009FF868 /* en */,
			);
			name = BIDViewController.xib;
			sourceTree = "<group>";
		};
/* End PBXVariantGroup section */

/* Begin XCBuildConfiguration section */
		D34D37E7149EA96E009FF868 /* Debug */ = {
			isa = XCBuildConfiguration;
			buildSettings = {
				ALWAYS_SEARCH_USER_PATHS = NO;
				ARCHS = "$(ARCHS_STANDARD_32_BIT)";
				CLANG_ENABLE_OBJC_ARC = YES;
				"CODE_SIGN_IDENTITY[sdk=iphoneos*]" = "iPhone Developer";
				COPY_PHASE_STRIP = NO;
				GCC_C_LANGUAGE_STANDARD = gnu99;
				GCC_DYNAMIC_NO_PIC = NO;
				GCC_OPTIMIZATION_LEVEL = 0;
				GCC_PREPROCESSOR_DEFINITIONS = (
					"DEBUG=1",
					"$(inherited)",
				);
				GCC_SYMBOLS_PRIVATE_EXTERN = NO;
				GCC_VERSION = com.apple.compilers.llvm.clang.1_0;
				GCC_WARN_ABOUT_MISSING_PROTOTYPES = YES;
				GCC_WARN_ABOUT_RETURN_TYPE = YES;
				GCC_WARN_UNUSED_VARIABLE = YES;
				IPHONEOS_DEPLOYMENT_TARGET = 5.0;
				SDKROOT = iphoneos;
			};
			name = Debug;
		};
		D34D37E8149EA96E009FF868 /* Release */ = {
			isa = XCBuildConfiguration;
			buildSettings = {
				ALWAYS_SEARCH_USER_PATHS = NO;
				ARCHS = "$(ARCHS_STANDARD_32_BIT)";
				CLANG_ENABLE_OBJC_ARC = YES;
				"CODE_SIGN_IDENTITY[sdk=iphoneos*]" = "iPhone Developer";
				COPY_PHASE_STRIP = YES;
				GCC_C_LANGUAGE_STANDARD = gnu99;
				GCC_VERSION = com.apple.compilers.llvm.clang.1_0;
				GCC_WARN_ABOUT_MISSING_PROTOTYPES = YES;
				GCC_WARN_ABOUT_RETURN_TYPE = YES;
				GCC_WARN_UNUSED_VARIABLE = YES;
				IPHONEOS_DEPLOYMENT_TARGET = 5.0;
				OTHER_CFLAGS = "-DNS_BLOCK_ASSERTIONS=1";
				SDKROOT = iphoneos;
				VALIDATE_PRODUCT = YES;
			};
			name = Release;
		};
		D34D37EA149EA96E009FF868 /* Debug */ = {
			isa = XCBuildConfiguration;
			buildSettings = {
				GCC_PRECOMPILE_PREFIX_HEADER = YES;
				GCC_PREFIX_HEADER = "Button Fun/Button Fun-Prefix.pch";
				INFOPLIST_FILE = "Button Fun/Button Fun-Info.plist";
				PRODUCT_NAME = "$(TARGET_NAME)";
				WRAPPER_EXTENSION = app;
			};
			name = Debug;
		};
		D34D37EB149EA96E009FF868 /* Release */ = {
			isa = XCBuildConfiguration;
			buildSettings = {
				GCC_PRECOMPILE_PREFIX_HEADER = YES;
				GCC_PREFIX_HEADER = "Button Fun/Button Fun-Prefix.pch";
				INFOPLIST_FILE = "Button Fun/Button Fun-Info.plist";
				PRODUCT_NAME = "$(TARGET_NAME)";
				WRAPPER_EXTENSION = app;
			};
			name = Release;
		};
/* End XCBuildConfiguration section */

/* Begin XCConfigurationList section */
		D34D37C5149EA96E009FF868 /* Build configuration list for PBXProject "Button Fun" */ = {
			isa = XCConfigurationList;
			buildConfigurations = (
				D34D37E7149EA96E009FF868 /* Debug */,
				D34D37E8149EA96E009FF868 /* Release */,
			);
			defaultConfigurationIsVisible = 0;
			defaultConfigurationName = Release;
		};
		D34D37E9149EA96E009FF868 /* Build configuration list for PBXNativeTarget "Button Fun" */ = {
			isa = XCConfigurationList;
			buildConfigurations = (
				D34D37EA149EA96E009FF868 /* Debug */,
				D34D37EB149EA96E009FF868 /* Release */,
			);
			defaultConfigurationIsVisible = 0;
		};
/* End XCConfigurationList section */
	};
	rootObject = D34D37C2149EA96E009FF868 /* Project object */;
}
